// !$*UTF8*$!
{
	archiveVersion = 1;
	classes = {
	};
	objectVersion = 50;
	objects = {

/* Begin PBXBuildFile section */
		863802AE244C883E00D11C2B /* OriginalBuildParams.swift in Sources */ = {isa = PBXBuildFile; fileRef = 863802AD244C883E00D11C2B /* OriginalBuildParams.swift */; };
		863802B0244CCB8A00D11C2B /* ArtifactRawServerResponse.swift in Sources */ = {isa = PBXBuildFile; fileRef = 863802AF244CCB8A00D11C2B /* ArtifactRawServerResponse.swift */; };
		863802B3244CCC9F00D11C2B /* Artifact.swift in Sources */ = {isa = PBXBuildFile; fileRef = 863802B2244CCC9F00D11C2B /* Artifact.swift */; };
		863802B5244CCCC800D11C2B /* ArtifactMetaData.swift in Sources */ = {isa = PBXBuildFile; fileRef = 863802B4244CCCC800D11C2B /* ArtifactMetaData.swift */; };
		863802B7244CCCEF00D11C2B /* AppInfo.swift in Sources */ = {isa = PBXBuildFile; fileRef = 863802B6244CCCEF00D11C2B /* AppInfo.swift */; };
		863802B9244CCFE300D11C2B /* ArtifactPaging.swift in Sources */ = {isa = PBXBuildFile; fileRef = 863802B8244CCFE300D11C2B /* ArtifactPaging.swift */; };
		863802BB244CD5CD00D11C2B /* AppsListRawResponse.swift in Sources */ = {isa = PBXBuildFile; fileRef = 863802BA244CD5CD00D11C2B /* AppsListRawResponse.swift */; };
		863802BD244CD62600D11C2B /* AppArtifact.swift in Sources */ = {isa = PBXBuildFile; fileRef = 863802BC244CD62600D11C2B /* AppArtifact.swift */; };
		863802BF244D85FB00D11C2B /* AuthorFilterViewController.swift in Sources */ = {isa = PBXBuildFile; fileRef = 863802BE244D85FB00D11C2B /* AuthorFilterViewController.swift */; };
		863802C1244DC49600D11C2B /* AuthorService.swift in Sources */ = {isa = PBXBuildFile; fileRef = 863802C0244DC49600D11C2B /* AuthorService.swift */; };
		863802C5244E253600D11C2B /* KeychainService.swift in Sources */ = {isa = PBXBuildFile; fileRef = 863802C4244E253600D11C2B /* KeychainService.swift */; };
		863802C7244E258C00D11C2B /* KeychainPasswordItem.swift in Sources */ = {isa = PBXBuildFile; fileRef = 863802C6244E258C00D11C2B /* KeychainPasswordItem.swift */; };
		863802C9244E263600D11C2B /* Onboarding.storyboard in Resources */ = {isa = PBXBuildFile; fileRef = 863802C8244E263600D11C2B /* Onboarding.storyboard */; };
		863802CB244E27C000D11C2B /* OnboardingViewController.swift in Sources */ = {isa = PBXBuildFile; fileRef = 863802CA244E27C000D11C2B /* OnboardingViewController.swift */; };
		863802CD244EC75500D11C2B /* OnboardingService.swift in Sources */ = {isa = PBXBuildFile; fileRef = 863802CC244EC75500D11C2B /* OnboardingService.swift */; };
		863802CF244F17C100D11C2B /* WorkflowFilterViewController.swift in Sources */ = {isa = PBXBuildFile; fileRef = 863802CE244F17C100D11C2B /* WorkflowFilterViewController.swift */; };
		8656B514244C38C500AA11E2 /* AppDelegate.swift in Sources */ = {isa = PBXBuildFile; fileRef = 8656B513244C38C500AA11E2 /* AppDelegate.swift */; };
		8656B516244C38C500AA11E2 /* SceneDelegate.swift in Sources */ = {isa = PBXBuildFile; fileRef = 8656B515244C38C500AA11E2 /* SceneDelegate.swift */; };
		8656B518244C38C500AA11E2 /* BuildListViewController.swift in Sources */ = {isa = PBXBuildFile; fileRef = 8656B517244C38C500AA11E2 /* BuildListViewController.swift */; };
		8656B51B244C38C500AA11E2 /* Main.storyboard in Resources */ = {isa = PBXBuildFile; fileRef = 8656B519244C38C500AA11E2 /* Main.storyboard */; };
		8656B51D244C38C800AA11E2 /* Assets.xcassets in Resources */ = {isa = PBXBuildFile; fileRef = 8656B51C244C38C800AA11E2 /* Assets.xcassets */; };
		8656B520244C38C800AA11E2 /* LaunchScreen.storyboard in Resources */ = {isa = PBXBuildFile; fileRef = 8656B51E244C38C800AA11E2 /* LaunchScreen.storyboard */; };
		8656B52B244C38C900AA11E2 /* NetworkServiceTests.swift in Sources */ = {isa = PBXBuildFile; fileRef = 8656B52A244C38C900AA11E2 /* NetworkServiceTests.swift */; };
		8656B536244C3B2200AA11E2 /* NetworkService.swift in Sources */ = {isa = PBXBuildFile; fileRef = 8656B535244C3B2200AA11E2 /* NetworkService.swift */; };
		8656B538244C3B3700AA11E2 /* Build.swift in Sources */ = {isa = PBXBuildFile; fileRef = 8656B537244C3B3700AA11E2 /* Build.swift */; };
		866AD2DF245189FD00E7385C /* MockURLSession.swift in Sources */ = {isa = PBXBuildFile; fileRef = 866AD2DE245189FD00E7385C /* MockURLSession.swift */; };
		866AD2E12451C78C00E7385C /* MockURLSessionDataTask.swift in Sources */ = {isa = PBXBuildFile; fileRef = 866AD2E02451C78C00E7385C /* MockURLSessionDataTask.swift */; };
		866AD2E42455522F00E7385C /* MockArtifactResponse.swift in Sources */ = {isa = PBXBuildFile; fileRef = 866AD2E32455522F00E7385C /* MockArtifactResponse.swift */; };
		866AD2E62455563300E7385C /* MockWorkflowResponse.swift in Sources */ = {isa = PBXBuildFile; fileRef = 866AD2E52455563300E7385C /* MockWorkflowResponse.swift */; };
		866AD2E82455574800E7385C /* MockBuildListResponse.swift in Sources */ = {isa = PBXBuildFile; fileRef = 866AD2E72455574800E7385C /* MockBuildListResponse.swift */; };
		866AD2EA2455578600E7385C /* MockArtifactListResponse.swift in Sources */ = {isa = PBXBuildFile; fileRef = 866AD2E92455578600E7385C /* MockArtifactListResponse.swift */; };
		866AD2F12456BC4A00E7385C /* AuthorServiceTests.swift in Sources */ = {isa = PBXBuildFile; fileRef = 866AD2F02456BC4A00E7385C /* AuthorServiceTests.swift */; };
		86850D2C244F66CA004F52F9 /* WorkflowService.swift in Sources */ = {isa = PBXBuildFile; fileRef = 86850D2B244F66CA004F52F9 /* WorkflowService.swift */; };
		86850D2E244F679B004F52F9 /* WorkflowList.swift in Sources */ = {isa = PBXBuildFile; fileRef = 86850D2D244F679B004F52F9 /* WorkflowList.swift */; };
		86850D3024501313004F52F9 /* FilterMenuViewController.swift in Sources */ = {isa = PBXBuildFile; fileRef = 86850D2F24501313004F52F9 /* FilterMenuViewController.swift */; };
		86850D33245015AA004F52F9 /* Filters.storyboard in Resources */ = {isa = PBXBuildFile; fileRef = 86850D31245015AA004F52F9 /* Filters.storyboard */; };
		86850D39245033F3004F52F9 /* InfoFooterView.swift in Sources */ = {isa = PBXBuildFile; fileRef = 86850D38245033F3004F52F9 /* InfoFooterView.swift */; };
		86850D3B245033FD004F52F9 /* InfoFooterView.xib in Resources */ = {isa = PBXBuildFile; fileRef = 86850D3A245033FD004F52F9 /* InfoFooterView.xib */; };
		86D67852245EB64D00B07358 /* App.swift in Sources */ = {isa = PBXBuildFile; fileRef = 86D67851245EB64D00B07358 /* App.swift */; };
		86D67854245EB69800B07358 /* AppArtifactRawResponse.swift in Sources */ = {isa = PBXBuildFile; fileRef = 86D67853245EB69800B07358 /* AppArtifactRawResponse.swift */; };
		86D67856245EB84200B07358 /* ImageLoadingService.swift in Sources */ = {isa = PBXBuildFile; fileRef = 86D67855245EB84200B07358 /* ImageLoadingService.swift */; };
		86D67858245EED2400B07358 /* AppListViewController.swift in Sources */ = {isa = PBXBuildFile; fileRef = 86D67857245EED2400B07358 /* AppListViewController.swift */; };
		86D6785A245FCF8500B07358 /* AppListService.swift in Sources */ = {isa = PBXBuildFile; fileRef = 86D67859245FCF8500B07358 /* AppListService.swift */; };
		86D6785D245FD96400B07358 /* AppTableViewCell.swift in Sources */ = {isa = PBXBuildFile; fileRef = 86D6785B245FD96400B07358 /* AppTableViewCell.swift */; };
		86D6785E245FD96400B07358 /* AppTableViewCell.xib in Resources */ = {isa = PBXBuildFile; fileRef = 86D6785C245FD96400B07358 /* AppTableViewCell.xib */; };
		86D67861245FDD1000B07358 /* UIImageView.swift in Sources */ = {isa = PBXBuildFile; fileRef = 86D67860245FDD1000B07358 /* UIImageView.swift */; };
		86D678632461328100B07358 /* MockAppListResponse.swift in Sources */ = {isa = PBXBuildFile; fileRef = 86D678622461328100B07358 /* MockAppListResponse.swift */; };
		86FDC28F244C69BE00F2F1D2 /* BuildService.swift in Sources */ = {isa = PBXBuildFile; fileRef = 86FDC28E244C69BE00F2F1D2 /* BuildService.swift */; };
		86FDC291244C6CC400F2F1D2 /* BuildRawServerResponse.swift in Sources */ = {isa = PBXBuildFile; fileRef = 86FDC290244C6CC400F2F1D2 /* BuildRawServerResponse.swift */; };
		86FDC293244C6FE200F2F1D2 /* Paging.swift in Sources */ = {isa = PBXBuildFile; fileRef = 86FDC292244C6FE200F2F1D2 /* Paging.swift */; };
		86FDC296244C75FC00F2F1D2 /* BuildTableViewCell.swift in Sources */ = {isa = PBXBuildFile; fileRef = 86FDC294244C75FC00F2F1D2 /* BuildTableViewCell.swift */; };
		86FDC297244C75FC00F2F1D2 /* BuildTableViewCell.xib in Resources */ = {isa = PBXBuildFile; fileRef = 86FDC295244C75FC00F2F1D2 /* BuildTableViewCell.xib */; };
/* End PBXBuildFile section */

/* Begin PBXContainerItemProxy section */
		8656B527244C38C900AA11E2 /* PBXContainerItemProxy */ = {
			isa = PBXContainerItemProxy;
			containerPortal = 8656B508244C38C500AA11E2 /* Project object */;
			proxyType = 1;
			remoteGlobalIDString = 8656B50F244C38C500AA11E2;
			remoteInfo = InvDeploy;
		};
/* End PBXContainerItemProxy section */

/* Begin PBXFileReference section */
		863802AD244C883E00D11C2B /* OriginalBuildParams.swift */ = {isa = PBXFileReference; lastKnownFileType = sourcecode.swift; path = OriginalBuildParams.swift; sourceTree = "<group>"; };
		863802AF244CCB8A00D11C2B /* ArtifactRawServerResponse.swift */ = {isa = PBXFileReference; lastKnownFileType = sourcecode.swift; path = ArtifactRawServerResponse.swift; sourceTree = "<group>"; };
		863802B2244CCC9F00D11C2B /* Artifact.swift */ = {isa = PBXFileReference; lastKnownFileType = sourcecode.swift; path = Artifact.swift; sourceTree = "<group>"; };
		863802B4244CCCC800D11C2B /* ArtifactMetaData.swift */ = {isa = PBXFileReference; lastKnownFileType = sourcecode.swift; path = ArtifactMetaData.swift; sourceTree = "<group>"; };
		863802B6244CCCEF00D11C2B /* AppInfo.swift */ = {isa = PBXFileReference; lastKnownFileType = sourcecode.swift; path = AppInfo.swift; sourceTree = "<group>"; };
		863802B8244CCFE300D11C2B /* ArtifactPaging.swift */ = {isa = PBXFileReference; lastKnownFileType = sourcecode.swift; path = ArtifactPaging.swift; sourceTree = "<group>"; };
		863802BA244CD5CD00D11C2B /* AppsListRawResponse.swift */ = {isa = PBXFileReference; lastKnownFileType = sourcecode.swift; path = AppsListRawResponse.swift; sourceTree = "<group>"; };
		863802BC244CD62600D11C2B /* AppArtifact.swift */ = {isa = PBXFileReference; lastKnownFileType = sourcecode.swift; path = AppArtifact.swift; sourceTree = "<group>"; };
		863802BE244D85FB00D11C2B /* AuthorFilterViewController.swift */ = {isa = PBXFileReference; lastKnownFileType = sourcecode.swift; path = AuthorFilterViewController.swift; sourceTree = "<group>"; };
		863802C0244DC49600D11C2B /* AuthorService.swift */ = {isa = PBXFileReference; lastKnownFileType = sourcecode.swift; path = AuthorService.swift; sourceTree = "<group>"; };
		863802C4244E253600D11C2B /* KeychainService.swift */ = {isa = PBXFileReference; lastKnownFileType = sourcecode.swift; path = KeychainService.swift; sourceTree = "<group>"; };
		863802C6244E258C00D11C2B /* KeychainPasswordItem.swift */ = {isa = PBXFileReference; lastKnownFileType = sourcecode.swift; path = KeychainPasswordItem.swift; sourceTree = "<group>"; };
		863802C8244E263600D11C2B /* Onboarding.storyboard */ = {isa = PBXFileReference; lastKnownFileType = file.storyboard; name = Onboarding.storyboard; path = BitriseDeploy/Onboarding.storyboard; sourceTree = "<group>"; };
		863802CA244E27C000D11C2B /* OnboardingViewController.swift */ = {isa = PBXFileReference; lastKnownFileType = sourcecode.swift; path = OnboardingViewController.swift; sourceTree = "<group>"; };
		863802CC244EC75500D11C2B /* OnboardingService.swift */ = {isa = PBXFileReference; lastKnownFileType = sourcecode.swift; path = OnboardingService.swift; sourceTree = "<group>"; };
		863802CE244F17C100D11C2B /* WorkflowFilterViewController.swift */ = {isa = PBXFileReference; lastKnownFileType = sourcecode.swift; path = WorkflowFilterViewController.swift; sourceTree = "<group>"; };
		8656B510244C38C500AA11E2 /* Bitrise Deploy.app */ = {isa = PBXFileReference; explicitFileType = wrapper.application; includeInIndex = 0; path = "Bitrise Deploy.app"; sourceTree = BUILT_PRODUCTS_DIR; };
		8656B513244C38C500AA11E2 /* AppDelegate.swift */ = {isa = PBXFileReference; lastKnownFileType = sourcecode.swift; path = AppDelegate.swift; sourceTree = "<group>"; };
		8656B515244C38C500AA11E2 /* SceneDelegate.swift */ = {isa = PBXFileReference; lastKnownFileType = sourcecode.swift; path = SceneDelegate.swift; sourceTree = "<group>"; };
		8656B517244C38C500AA11E2 /* BuildListViewController.swift */ = {isa = PBXFileReference; lastKnownFileType = sourcecode.swift; path = BuildListViewController.swift; sourceTree = "<group>"; };
		8656B51A244C38C500AA11E2 /* Base */ = {isa = PBXFileReference; lastKnownFileType = file.storyboard; name = Base; path = Base.lproj/Main.storyboard; sourceTree = "<group>"; };
		8656B51C244C38C800AA11E2 /* Assets.xcassets */ = {isa = PBXFileReference; lastKnownFileType = folder.assetcatalog; name = Assets.xcassets; path = BitriseDeploy/Assets.xcassets; sourceTree = "<group>"; };
		8656B51F244C38C800AA11E2 /* Base */ = {isa = PBXFileReference; lastKnownFileType = file.storyboard; name = Base; path = Base.lproj/LaunchScreen.storyboard; sourceTree = "<group>"; };
		8656B521244C38C800AA11E2 /* Info.plist */ = {isa = PBXFileReference; lastKnownFileType = text.plist.xml; path = Info.plist; sourceTree = "<group>"; };
		8656B526244C38C900AA11E2 /* BitriseDeployTests.xctest */ = {isa = PBXFileReference; explicitFileType = wrapper.cfbundle; includeInIndex = 0; path = BitriseDeployTests.xctest; sourceTree = BUILT_PRODUCTS_DIR; };
		8656B52A244C38C900AA11E2 /* NetworkServiceTests.swift */ = {isa = PBXFileReference; lastKnownFileType = sourcecode.swift; path = NetworkServiceTests.swift; sourceTree = "<group>"; };
		8656B52C244C38C900AA11E2 /* Info.plist */ = {isa = PBXFileReference; lastKnownFileType = text.plist.xml; path = Info.plist; sourceTree = "<group>"; };
		8656B535244C3B2200AA11E2 /* NetworkService.swift */ = {isa = PBXFileReference; lastKnownFileType = sourcecode.swift; path = NetworkService.swift; sourceTree = "<group>"; };
		8656B537244C3B3700AA11E2 /* Build.swift */ = {isa = PBXFileReference; lastKnownFileType = sourcecode.swift; path = Build.swift; sourceTree = "<group>"; };
		866AD2DE245189FD00E7385C /* MockURLSession.swift */ = {isa = PBXFileReference; lastKnownFileType = sourcecode.swift; path = MockURLSession.swift; sourceTree = "<group>"; };
		866AD2E02451C78C00E7385C /* MockURLSessionDataTask.swift */ = {isa = PBXFileReference; lastKnownFileType = sourcecode.swift; path = MockURLSessionDataTask.swift; sourceTree = "<group>"; };
		866AD2E32455522F00E7385C /* MockArtifactResponse.swift */ = {isa = PBXFileReference; lastKnownFileType = sourcecode.swift; path = MockArtifactResponse.swift; sourceTree = "<group>"; };
		866AD2E52455563300E7385C /* MockWorkflowResponse.swift */ = {isa = PBXFileReference; lastKnownFileType = sourcecode.swift; path = MockWorkflowResponse.swift; sourceTree = "<group>"; };
		866AD2E72455574800E7385C /* MockBuildListResponse.swift */ = {isa = PBXFileReference; lastKnownFileType = sourcecode.swift; path = MockBuildListResponse.swift; sourceTree = "<group>"; };
		866AD2E92455578600E7385C /* MockArtifactListResponse.swift */ = {isa = PBXFileReference; lastKnownFileType = sourcecode.swift; path = MockArtifactListResponse.swift; sourceTree = "<group>"; };
		866AD2F02456BC4A00E7385C /* AuthorServiceTests.swift */ = {isa = PBXFileReference; lastKnownFileType = sourcecode.swift; path = AuthorServiceTests.swift; sourceTree = "<group>"; };
		86850D2B244F66CA004F52F9 /* WorkflowService.swift */ = {isa = PBXFileReference; lastKnownFileType = sourcecode.swift; path = WorkflowService.swift; sourceTree = "<group>"; };
		86850D2D244F679B004F52F9 /* WorkflowList.swift */ = {isa = PBXFileReference; lastKnownFileType = sourcecode.swift; path = WorkflowList.swift; sourceTree = "<group>"; };
		86850D2F24501313004F52F9 /* FilterMenuViewController.swift */ = {isa = PBXFileReference; lastKnownFileType = sourcecode.swift; path = FilterMenuViewController.swift; sourceTree = "<group>"; };
		86850D32245015AA004F52F9 /* Base */ = {isa = PBXFileReference; lastKnownFileType = file.storyboard; name = Base; path = InvDeploy/Base.lproj/Filters.storyboard; sourceTree = "<group>"; };
		86850D38245033F3004F52F9 /* InfoFooterView.swift */ = {isa = PBXFileReference; lastKnownFileType = sourcecode.swift; path = InfoFooterView.swift; sourceTree = "<group>"; };
		86850D3A245033FD004F52F9 /* InfoFooterView.xib */ = {isa = PBXFileReference; lastKnownFileType = file.xib; path = InfoFooterView.xib; sourceTree = "<group>"; };
		86D67851245EB64D00B07358 /* App.swift */ = {isa = PBXFileReference; lastKnownFileType = sourcecode.swift; path = App.swift; sourceTree = "<group>"; };
		86D67853245EB69800B07358 /* AppArtifactRawResponse.swift */ = {isa = PBXFileReference; lastKnownFileType = sourcecode.swift; path = AppArtifactRawResponse.swift; sourceTree = "<group>"; };
		86D67855245EB84200B07358 /* ImageLoadingService.swift */ = {isa = PBXFileReference; lastKnownFileType = sourcecode.swift; path = ImageLoadingService.swift; sourceTree = "<group>"; };
		86D67857245EED2400B07358 /* AppListViewController.swift */ = {isa = PBXFileReference; lastKnownFileType = sourcecode.swift; path = AppListViewController.swift; sourceTree = "<group>"; };
		86D67859245FCF8500B07358 /* AppListService.swift */ = {isa = PBXFileReference; lastKnownFileType = sourcecode.swift; path = AppListService.swift; sourceTree = "<group>"; };
		86D6785B245FD96400B07358 /* AppTableViewCell.swift */ = {isa = PBXFileReference; lastKnownFileType = sourcecode.swift; path = AppTableViewCell.swift; sourceTree = "<group>"; };
		86D6785C245FD96400B07358 /* AppTableViewCell.xib */ = {isa = PBXFileReference; lastKnownFileType = file.xib; path = AppTableViewCell.xib; sourceTree = "<group>"; };
		86D67860245FDD1000B07358 /* UIImageView.swift */ = {isa = PBXFileReference; lastKnownFileType = sourcecode.swift; path = UIImageView.swift; sourceTree = "<group>"; };
		86D678622461328100B07358 /* MockAppListResponse.swift */ = {isa = PBXFileReference; lastKnownFileType = sourcecode.swift; path = MockAppListResponse.swift; sourceTree = "<group>"; };
		86FDC28E244C69BE00F2F1D2 /* BuildService.swift */ = {isa = PBXFileReference; lastKnownFileType = sourcecode.swift; path = BuildService.swift; sourceTree = "<group>"; };
		86FDC290244C6CC400F2F1D2 /* BuildRawServerResponse.swift */ = {isa = PBXFileReference; lastKnownFileType = sourcecode.swift; path = BuildRawServerResponse.swift; sourceTree = "<group>"; };
		86FDC292244C6FE200F2F1D2 /* Paging.swift */ = {isa = PBXFileReference; lastKnownFileType = sourcecode.swift; path = Paging.swift; sourceTree = "<group>"; };
		86FDC294244C75FC00F2F1D2 /* BuildTableViewCell.swift */ = {isa = PBXFileReference; lastKnownFileType = sourcecode.swift; path = BuildTableViewCell.swift; sourceTree = "<group>"; };
		86FDC295244C75FC00F2F1D2 /* BuildTableViewCell.xib */ = {isa = PBXFileReference; lastKnownFileType = file.xib; path = BuildTableViewCell.xib; sourceTree = "<group>"; };
/* End PBXFileReference section */

/* Begin PBXFrameworksBuildPhase section */
		8656B50D244C38C500AA11E2 /* Frameworks */ = {
			isa = PBXFrameworksBuildPhase;
			buildActionMask = 2147483647;
			files = (
			);
			runOnlyForDeploymentPostprocessing = 0;
		};
		8656B523244C38C900AA11E2 /* Frameworks */ = {
			isa = PBXFrameworksBuildPhase;
			buildActionMask = 2147483647;
			files = (
			);
			runOnlyForDeploymentPostprocessing = 0;
		};
/* End PBXFrameworksBuildPhase section */

/* Begin PBXGroup section */
		863802B1244CCC7600D11C2B /* Raw Responses */ = {
			isa = PBXGroup;
			children = (
				86FDC290244C6CC400F2F1D2 /* BuildRawServerResponse.swift */,
				863802AF244CCB8A00D11C2B /* ArtifactRawServerResponse.swift */,
				863802BA244CD5CD00D11C2B /* AppsListRawResponse.swift */,
				86D67853245EB69800B07358 /* AppArtifactRawResponse.swift */,
				86FDC292244C6FE200F2F1D2 /* Paging.swift */,
				863802B8244CCFE300D11C2B /* ArtifactPaging.swift */,
			);
			path = "Raw Responses";
			sourceTree = "<group>";
		};
		8656B507244C38C500AA11E2 = {
			isa = PBXGroup;
			children = (
				8656B512244C38C500AA11E2 /* BitriseDeploy */,
				8656B529244C38C900AA11E2 /* BitriseDeployTests */,
				8656B511244C38C500AA11E2 /* Products */,
			);
			sourceTree = "<group>";
		};
		8656B511244C38C500AA11E2 /* Products */ = {
			isa = PBXGroup;
			children = (
				8656B510244C38C500AA11E2 /* Bitrise Deploy.app */,
				8656B526244C38C900AA11E2 /* BitriseDeployTests.xctest */,
			);
			name = Products;
			sourceTree = "<group>";
		};
		8656B512244C38C500AA11E2 /* BitriseDeploy */ = {
			isa = PBXGroup;
			children = (
				8656B53B244C3B5E00AA11E2 /* Supporting Files */,
				8656B53C244C3B8900AA11E2 /* View Controllers */,
				86FDC28D244C69A800F2F1D2 /* Services */,
				8656B53A244C3B4700AA11E2 /* Network */,
				86D6785F245FDCFB00B07358 /* Extensions */,
				8656B539244C3B3D00AA11E2 /* Models */,
				8656B519244C38C500AA11E2 /* Main.storyboard */,
				86850D31245015AA004F52F9 /* Filters.storyboard */,
				863802C8244E263600D11C2B /* Onboarding.storyboard */,
				8656B51E244C38C800AA11E2 /* LaunchScreen.storyboard */,
				8656B51C244C38C800AA11E2 /* Assets.xcassets */,
			);
			name = BitriseDeploy;
			sourceTree = "<group>";
		};
		8656B529244C38C900AA11E2 /* BitriseDeployTests */ = {
			isa = PBXGroup;
			children = (
				8656B52A244C38C900AA11E2 /* NetworkServiceTests.swift */,
				866AD2F02456BC4A00E7385C /* AuthorServiceTests.swift */,
				8656B52C244C38C900AA11E2 /* Info.plist */,
				866AD2EB24555A1100E7385C /* Mock URLSession */,
				866AD2E22455521E00E7385C /* Mock Responses */,
			);
			path = BitriseDeployTests;
			sourceTree = "<group>";
		};
		8656B539244C3B3D00AA11E2 /* Models */ = {
			isa = PBXGroup;
			children = (
				8656B537244C3B3700AA11E2 /* Build.swift */,
				863802AD244C883E00D11C2B /* OriginalBuildParams.swift */,
				863802B2244CCC9F00D11C2B /* Artifact.swift */,
				863802BC244CD62600D11C2B /* AppArtifact.swift */,
				863802B4244CCCC800D11C2B /* ArtifactMetaData.swift */,
				863802B6244CCCEF00D11C2B /* AppInfo.swift */,
				86850D2D244F679B004F52F9 /* WorkflowList.swift */,
				86D67851245EB64D00B07358 /* App.swift */,
				863802B1244CCC7600D11C2B /* Raw Responses */,
			);
			name = Models;
			path = BitriseDeploy/Models;
			sourceTree = "<group>";
		};
		8656B53A244C3B4700AA11E2 /* Network */ = {
			isa = PBXGroup;
			children = (
				8656B535244C3B2200AA11E2 /* NetworkService.swift */,
			);
			name = Network;
			path = BitriseDeploy/Network;
			sourceTree = "<group>";
		};
		8656B53B244C3B5E00AA11E2 /* Supporting Files */ = {
			isa = PBXGroup;
			children = (
				8656B521244C38C800AA11E2 /* Info.plist */,
				8656B513244C38C500AA11E2 /* AppDelegate.swift */,
				8656B515244C38C500AA11E2 /* SceneDelegate.swift */,
			);
			name = "Supporting Files";
			path = "BitriseDeploy/Supporting Files";
			sourceTree = "<group>";
		};
		8656B53C244C3B8900AA11E2 /* View Controllers */ = {
			isa = PBXGroup;
			children = (
				86D67857245EED2400B07358 /* AppListViewController.swift */,
				8656B517244C38C500AA11E2 /* BuildListViewController.swift */,
				863802BE244D85FB00D11C2B /* AuthorFilterViewController.swift */,
				863802CE244F17C100D11C2B /* WorkflowFilterViewController.swift */,
				86850D2F24501313004F52F9 /* FilterMenuViewController.swift */,
				863802CA244E27C000D11C2B /* OnboardingViewController.swift */,
				86FDC298244C760400F2F1D2 /* Cells */,
			);
			name = "View Controllers";
			path = "BitriseDeploy/View Controllers";
			sourceTree = "<group>";
		};
		866AD2E22455521E00E7385C /* Mock Responses */ = {
			isa = PBXGroup;
			children = (
				866AD2E32455522F00E7385C /* MockArtifactResponse.swift */,
				866AD2E52455563300E7385C /* MockWorkflowResponse.swift */,
				866AD2E72455574800E7385C /* MockBuildListResponse.swift */,
				866AD2E92455578600E7385C /* MockArtifactListResponse.swift */,
				86D678622461328100B07358 /* MockAppListResponse.swift */,
			);
			path = "Mock Responses";
			sourceTree = "<group>";
		};
		866AD2EB24555A1100E7385C /* Mock URLSession */ = {
			isa = PBXGroup;
			children = (
				866AD2DE245189FD00E7385C /* MockURLSession.swift */,
				866AD2E02451C78C00E7385C /* MockURLSessionDataTask.swift */,
			);
			path = "Mock URLSession";
			sourceTree = "<group>";
		};
		86D6785F245FDCFB00B07358 /* Extensions */ = {
			isa = PBXGroup;
			children = (
				86D67860245FDD1000B07358 /* UIImageView.swift */,
			);
			name = Extensions;
			path = BitriseDeploy/Extensions;
			sourceTree = "<group>";
		};
		86FDC28D244C69A800F2F1D2 /* Services */ = {
			isa = PBXGroup;
			children = (
				86FDC28E244C69BE00F2F1D2 /* BuildService.swift */,
				86D67859245FCF8500B07358 /* AppListService.swift */,
				863802C0244DC49600D11C2B /* AuthorService.swift */,
				863802C4244E253600D11C2B /* KeychainService.swift */,
				863802C6244E258C00D11C2B /* KeychainPasswordItem.swift */,
				863802CC244EC75500D11C2B /* OnboardingService.swift */,
				86850D2B244F66CA004F52F9 /* WorkflowService.swift */,
				86D67855245EB84200B07358 /* ImageLoadingService.swift */,
			);
			name = Services;
			path = BitriseDeploy/Services;
			sourceTree = "<group>";
		};
		86FDC298244C760400F2F1D2 /* Cells */ = {
			isa = PBXGroup;
			children = (
				86FDC294244C75FC00F2F1D2 /* BuildTableViewCell.swift */,
				86FDC295244C75FC00F2F1D2 /* BuildTableViewCell.xib */,
				86850D38245033F3004F52F9 /* InfoFooterView.swift */,
				86850D3A245033FD004F52F9 /* InfoFooterView.xib */,
				86D6785B245FD96400B07358 /* AppTableViewCell.swift */,
				86D6785C245FD96400B07358 /* AppTableViewCell.xib */,
			);
			path = Cells;
			sourceTree = "<group>";
		};
/* End PBXGroup section */

/* Begin PBXNativeTarget section */
		8656B50F244C38C500AA11E2 /* BitriseDeploy */ = {
			isa = PBXNativeTarget;
			buildConfigurationList = 8656B52F244C38C900AA11E2 /* Build configuration list for PBXNativeTarget "BitriseDeploy" */;
			buildPhases = (
				8656B50C244C38C500AA11E2 /* Sources */,
				8656B50D244C38C500AA11E2 /* Frameworks */,
				8656B50E244C38C500AA11E2 /* Resources */,
			);
			buildRules = (
			);
			dependencies = (
			);
			name = BitriseDeploy;
			productName = InvDeploy;
			productReference = 8656B510244C38C500AA11E2 /* Bitrise Deploy.app */;
			productType = "com.apple.product-type.application";
		};
		8656B525244C38C900AA11E2 /* BitriseDeployTests */ = {
			isa = PBXNativeTarget;
			buildConfigurationList = 8656B532244C38C900AA11E2 /* Build configuration list for PBXNativeTarget "BitriseDeployTests" */;
			buildPhases = (
				8656B522244C38C900AA11E2 /* Sources */,
				8656B523244C38C900AA11E2 /* Frameworks */,
				8656B524244C38C900AA11E2 /* Resources */,
			);
			buildRules = (
			);
			dependencies = (
				8656B528244C38C900AA11E2 /* PBXTargetDependency */,
			);
			name = BitriseDeployTests;
			productName = InvDeployTests;
			productReference = 8656B526244C38C900AA11E2 /* BitriseDeployTests.xctest */;
			productType = "com.apple.product-type.bundle.unit-test";
		};
/* End PBXNativeTarget section */

/* Begin PBXProject section */
		8656B508244C38C500AA11E2 /* Project object */ = {
			isa = PBXProject;
			attributes = {
				LastSwiftUpdateCheck = 1140;
				LastUpgradeCheck = 1140;
				ORGANIZATIONNAME = "Yishai R";
				TargetAttributes = {
					8656B50F244C38C500AA11E2 = {
						CreatedOnToolsVersion = 11.4.1;
					};
					8656B525244C38C900AA11E2 = {
						CreatedOnToolsVersion = 11.4.1;
						TestTargetID = 8656B50F244C38C500AA11E2;
					};
				};
			};
			buildConfigurationList = 8656B50B244C38C500AA11E2 /* Build configuration list for PBXProject "BitriseDeploy" */;
			compatibilityVersion = "Xcode 9.3";
			developmentRegion = en;
			hasScannedForEncodings = 0;
			knownRegions = (
				en,
				Base,
			);
			mainGroup = 8656B507244C38C500AA11E2;
			productRefGroup = 8656B511244C38C500AA11E2 /* Products */;
			projectDirPath = "";
			projectRoot = "";
			targets = (
				8656B50F244C38C500AA11E2 /* BitriseDeploy */,
				8656B525244C38C900AA11E2 /* BitriseDeployTests */,
			);
		};
/* End PBXProject section */

/* Begin PBXResourcesBuildPhase section */
		8656B50E244C38C500AA11E2 /* Resources */ = {
			isa = PBXResourcesBuildPhase;
			buildActionMask = 2147483647;
			files = (
				86850D33245015AA004F52F9 /* Filters.storyboard in Resources */,
				86D6785E245FD96400B07358 /* AppTableViewCell.xib in Resources */,
				8656B520244C38C800AA11E2 /* LaunchScreen.storyboard in Resources */,
				863802C9244E263600D11C2B /* Onboarding.storyboard in Resources */,
				8656B51D244C38C800AA11E2 /* Assets.xcassets in Resources */,
				86850D3B245033FD004F52F9 /* InfoFooterView.xib in Resources */,
				86FDC297244C75FC00F2F1D2 /* BuildTableViewCell.xib in Resources */,
				8656B51B244C38C500AA11E2 /* Main.storyboard in Resources */,
			);
			runOnlyForDeploymentPostprocessing = 0;
		};
		8656B524244C38C900AA11E2 /* Resources */ = {
			isa = PBXResourcesBuildPhase;
			buildActionMask = 2147483647;
			files = (
			);
			runOnlyForDeploymentPostprocessing = 0;
		};
/* End PBXResourcesBuildPhase section */

/* Begin PBXSourcesBuildPhase section */
		8656B50C244C38C500AA11E2 /* Sources */ = {
			isa = PBXSourcesBuildPhase;
			buildActionMask = 2147483647;
			files = (
				8656B518244C38C500AA11E2 /* BuildListViewController.swift in Sources */,
				863802B5244CCCC800D11C2B /* ArtifactMetaData.swift in Sources */,
				863802B0244CCB8A00D11C2B /* ArtifactRawServerResponse.swift in Sources */,
				86D67852245EB64D00B07358 /* App.swift in Sources */,
				863802B9244CCFE300D11C2B /* ArtifactPaging.swift in Sources */,
				863802C5244E253600D11C2B /* KeychainService.swift in Sources */,
				86FDC291244C6CC400F2F1D2 /* BuildRawServerResponse.swift in Sources */,
				863802CD244EC75500D11C2B /* OnboardingService.swift in Sources */,
				8656B514244C38C500AA11E2 /* AppDelegate.swift in Sources */,
				863802BF244D85FB00D11C2B /* AuthorFilterViewController.swift in Sources */,
				86FDC28F244C69BE00F2F1D2 /* BuildService.swift in Sources */,
				863802CB244E27C000D11C2B /* OnboardingViewController.swift in Sources */,
				863802BD244CD62600D11C2B /* AppArtifact.swift in Sources */,
				86FDC296244C75FC00F2F1D2 /* BuildTableViewCell.swift in Sources */,
				86850D39245033F3004F52F9 /* InfoFooterView.swift in Sources */,
				8656B538244C3B3700AA11E2 /* Build.swift in Sources */,
				86D67861245FDD1000B07358 /* UIImageView.swift in Sources */,
				863802BB244CD5CD00D11C2B /* AppsListRawResponse.swift in Sources */,
				86D6785D245FD96400B07358 /* AppTableViewCell.swift in Sources */,
				86D6785A245FCF8500B07358 /* AppListService.swift in Sources */,
				863802B3244CCC9F00D11C2B /* Artifact.swift in Sources */,
				86D67858245EED2400B07358 /* AppListViewController.swift in Sources */,
				86850D2C244F66CA004F52F9 /* WorkflowService.swift in Sources */,
				86FDC293244C6FE200F2F1D2 /* Paging.swift in Sources */,
				86850D2E244F679B004F52F9 /* WorkflowList.swift in Sources */,
				86D67856245EB84200B07358 /* ImageLoadingService.swift in Sources */,
				863802CF244F17C100D11C2B /* WorkflowFilterViewController.swift in Sources */,
				863802AE244C883E00D11C2B /* OriginalBuildParams.swift in Sources */,
				86850D3024501313004F52F9 /* FilterMenuViewController.swift in Sources */,
				863802C1244DC49600D11C2B /* AuthorService.swift in Sources */,
				863802C7244E258C00D11C2B /* KeychainPasswordItem.swift in Sources */,
				8656B536244C3B2200AA11E2 /* NetworkService.swift in Sources */,
				86D67854245EB69800B07358 /* AppArtifactRawResponse.swift in Sources */,
				8656B516244C38C500AA11E2 /* SceneDelegate.swift in Sources */,
				863802B7244CCCEF00D11C2B /* AppInfo.swift in Sources */,
			);
			runOnlyForDeploymentPostprocessing = 0;
		};
		8656B522244C38C900AA11E2 /* Sources */ = {
			isa = PBXSourcesBuildPhase;
			buildActionMask = 2147483647;
			files = (
				86D678632461328100B07358 /* MockAppListResponse.swift in Sources */,
				866AD2E42455522F00E7385C /* MockArtifactResponse.swift in Sources */,
				866AD2E12451C78C00E7385C /* MockURLSessionDataTask.swift in Sources */,
				866AD2F12456BC4A00E7385C /* AuthorServiceTests.swift in Sources */,
				866AD2DF245189FD00E7385C /* MockURLSession.swift in Sources */,
				866AD2EA2455578600E7385C /* MockArtifactListResponse.swift in Sources */,
				866AD2E62455563300E7385C /* MockWorkflowResponse.swift in Sources */,
				8656B52B244C38C900AA11E2 /* NetworkServiceTests.swift in Sources */,
				866AD2E82455574800E7385C /* MockBuildListResponse.swift in Sources */,
			);
			runOnlyForDeploymentPostprocessing = 0;
		};
/* End PBXSourcesBuildPhase section */

/* Begin PBXTargetDependency section */
		8656B528244C38C900AA11E2 /* PBXTargetDependency */ = {
			isa = PBXTargetDependency;
			target = 8656B50F244C38C500AA11E2 /* BitriseDeploy */;
			targetProxy = 8656B527244C38C900AA11E2 /* PBXContainerItemProxy */;
		};
/* End PBXTargetDependency section */

/* Begin PBXVariantGroup section */
		8656B519244C38C500AA11E2 /* Main.storyboard */ = {
			isa = PBXVariantGroup;
			children = (
				8656B51A244C38C500AA11E2 /* Base */,
			);
			name = Main.storyboard;
			path = BitriseDeploy;
			sourceTree = "<group>";
		};
		8656B51E244C38C800AA11E2 /* LaunchScreen.storyboard */ = {
			isa = PBXVariantGroup;
			children = (
				8656B51F244C38C800AA11E2 /* Base */,
			);
			name = LaunchScreen.storyboard;
			path = BitriseDeploy;
			sourceTree = "<group>";
		};
		86850D31245015AA004F52F9 /* Filters.storyboard */ = {
			isa = PBXVariantGroup;
			children = (
				86850D32245015AA004F52F9 /* Base */,
			);
			name = Filters.storyboard;
			path = BitriseDeploy;
			sourceTree = "<group>";
		};
/* End PBXVariantGroup section */

/* Begin XCBuildConfiguration section */
		8656B52D244C38C900AA11E2 /* Debug */ = {
			isa = XCBuildConfiguration;
			buildSettings = {
				ALWAYS_SEARCH_USER_PATHS = NO;
				CLANG_ANALYZER_NONNULL = YES;
				CLANG_ANALYZER_NUMBER_OBJECT_CONVERSION = YES_AGGRESSIVE;
				CLANG_CXX_LANGUAGE_STANDARD = "gnu++14";
				CLANG_CXX_LIBRARY = "libc++";
				CLANG_ENABLE_MODULES = YES;
				CLANG_ENABLE_OBJC_ARC = YES;
				CLANG_ENABLE_OBJC_WEAK = YES;
				CLANG_WARN_BLOCK_CAPTURE_AUTORELEASING = YES;
				CLANG_WARN_BOOL_CONVERSION = YES;
				CLANG_WARN_COMMA = YES;
				CLANG_WARN_CONSTANT_CONVERSION = YES;
				CLANG_WARN_DEPRECATED_OBJC_IMPLEMENTATIONS = YES;
				CLANG_WARN_DIRECT_OBJC_ISA_USAGE = YES_ERROR;
				CLANG_WARN_DOCUMENTATION_COMMENTS = YES;
				CLANG_WARN_EMPTY_BODY = YES;
				CLANG_WARN_ENUM_CONVERSION = YES;
				CLANG_WARN_INFINITE_RECURSION = YES;
				CLANG_WARN_INT_CONVERSION = YES;
				CLANG_WARN_NON_LITERAL_NULL_CONVERSION = YES;
				CLANG_WARN_OBJC_IMPLICIT_RETAIN_SELF = YES;
				CLANG_WARN_OBJC_LITERAL_CONVERSION = YES;
				CLANG_WARN_OBJC_ROOT_CLASS = YES_ERROR;
				CLANG_WARN_RANGE_LOOP_ANALYSIS = YES;
				CLANG_WARN_STRICT_PROTOTYPES = YES;
				CLANG_WARN_SUSPICIOUS_MOVE = YES;
				CLANG_WARN_UNGUARDED_AVAILABILITY = YES_AGGRESSIVE;
				CLANG_WARN_UNREACHABLE_CODE = YES;
				CLANG_WARN__DUPLICATE_METHOD_MATCH = YES;
				COPY_PHASE_STRIP = NO;
				DEBUG_INFORMATION_FORMAT = dwarf;
				ENABLE_STRICT_OBJC_MSGSEND = YES;
				ENABLE_TESTABILITY = YES;
				GCC_C_LANGUAGE_STANDARD = gnu11;
				GCC_DYNAMIC_NO_PIC = NO;
				GCC_NO_COMMON_BLOCKS = YES;
				GCC_OPTIMIZATION_LEVEL = 0;
				GCC_PREPROCESSOR_DEFINITIONS = (
					"DEBUG=1",
					"$(inherited)",
				);
				GCC_WARN_64_TO_32_BIT_CONVERSION = YES;
				GCC_WARN_ABOUT_RETURN_TYPE = YES_ERROR;
				GCC_WARN_UNDECLARED_SELECTOR = YES;
				GCC_WARN_UNINITIALIZED_AUTOS = YES_AGGRESSIVE;
				GCC_WARN_UNUSED_FUNCTION = YES;
				GCC_WARN_UNUSED_VARIABLE = YES;
				IPHONEOS_DEPLOYMENT_TARGET = 13.0;
				MTL_ENABLE_DEBUG_INFO = INCLUDE_SOURCE;
				MTL_FAST_MATH = YES;
				ONLY_ACTIVE_ARCH = YES;
				SDKROOT = iphoneos;
				SWIFT_ACTIVE_COMPILATION_CONDITIONS = DEBUG;
				SWIFT_OPTIMIZATION_LEVEL = "-Onone";
			};
			name = Debug;
		};
		8656B52E244C38C900AA11E2 /* Release */ = {
			isa = XCBuildConfiguration;
			buildSettings = {
				ALWAYS_SEARCH_USER_PATHS = NO;
				CLANG_ANALYZER_NONNULL = YES;
				CLANG_ANALYZER_NUMBER_OBJECT_CONVERSION = YES_AGGRESSIVE;
				CLANG_CXX_LANGUAGE_STANDARD = "gnu++14";
				CLANG_CXX_LIBRARY = "libc++";
				CLANG_ENABLE_MODULES = YES;
				CLANG_ENABLE_OBJC_ARC = YES;
				CLANG_ENABLE_OBJC_WEAK = YES;
				CLANG_WARN_BLOCK_CAPTURE_AUTORELEASING = YES;
				CLANG_WARN_BOOL_CONVERSION = YES;
				CLANG_WARN_COMMA = YES;
				CLANG_WARN_CONSTANT_CONVERSION = YES;
				CLANG_WARN_DEPRECATED_OBJC_IMPLEMENTATIONS = YES;
				CLANG_WARN_DIRECT_OBJC_ISA_USAGE = YES_ERROR;
				CLANG_WARN_DOCUMENTATION_COMMENTS = YES;
				CLANG_WARN_EMPTY_BODY = YES;
				CLANG_WARN_ENUM_CONVERSION = YES;
				CLANG_WARN_INFINITE_RECURSION = YES;
				CLANG_WARN_INT_CONVERSION = YES;
				CLANG_WARN_NON_LITERAL_NULL_CONVERSION = YES;
				CLANG_WARN_OBJC_IMPLICIT_RETAIN_SELF = YES;
				CLANG_WARN_OBJC_LITERAL_CONVERSION = YES;
				CLANG_WARN_OBJC_ROOT_CLASS = YES_ERROR;
				CLANG_WARN_RANGE_LOOP_ANALYSIS = YES;
				CLANG_WARN_STRICT_PROTOTYPES = YES;
				CLANG_WARN_SUSPICIOUS_MOVE = YES;
				CLANG_WARN_UNGUARDED_AVAILABILITY = YES_AGGRESSIVE;
				CLANG_WARN_UNREACHABLE_CODE = YES;
				CLANG_WARN__DUPLICATE_METHOD_MATCH = YES;
				COPY_PHASE_STRIP = NO;
				DEBUG_INFORMATION_FORMAT = "dwarf-with-dsym";
				ENABLE_NS_ASSERTIONS = NO;
				ENABLE_STRICT_OBJC_MSGSEND = YES;
				GCC_C_LANGUAGE_STANDARD = gnu11;
				GCC_NO_COMMON_BLOCKS = YES;
				GCC_WARN_64_TO_32_BIT_CONVERSION = YES;
				GCC_WARN_ABOUT_RETURN_TYPE = YES_ERROR;
				GCC_WARN_UNDECLARED_SELECTOR = YES;
				GCC_WARN_UNINITIALIZED_AUTOS = YES_AGGRESSIVE;
				GCC_WARN_UNUSED_FUNCTION = YES;
				GCC_WARN_UNUSED_VARIABLE = YES;
				IPHONEOS_DEPLOYMENT_TARGET = 13.0;
				MTL_ENABLE_DEBUG_INFO = NO;
				MTL_FAST_MATH = YES;
				SDKROOT = iphoneos;
				SWIFT_COMPILATION_MODE = wholemodule;
				SWIFT_OPTIMIZATION_LEVEL = "-O";
				VALIDATE_PRODUCT = YES;
			};
			name = Release;
		};
		8656B530244C38C900AA11E2 /* Debug */ = {
			isa = XCBuildConfiguration;
			buildSettings = {
				ASSETCATALOG_COMPILER_APPICON_NAME = AppIcon;
				CODE_SIGN_STYLE = Automatic;
				CURRENT_PROJECT_VERSION = 2;
				DEVELOPMENT_TEAM = HUA9YS5FE5;
				INFOPLIST_FILE = "BitriseDeploy/Supporting Files/Info.plist";
				IPHONEOS_DEPLOYMENT_TARGET = 13.0;
				LD_RUNPATH_SEARCH_PATHS = (
					"$(inherited)",
					"@executable_path/Frameworks",
				);
				MARKETING_VERSION = 1.1;
				PRODUCT_BUNDLE_IDENTIFIER = com.bitriseDeploy;
				PRODUCT_NAME = "Bitrise Deploy";
				SWIFT_VERSION = 5.0;
				TARGETED_DEVICE_FAMILY = "1,2";
			};
			name = Debug;
		};
		8656B531244C38C900AA11E2 /* Release */ = {
			isa = XCBuildConfiguration;
			buildSettings = {
				ASSETCATALOG_COMPILER_APPICON_NAME = AppIcon;
				CODE_SIGN_STYLE = Automatic;
				CURRENT_PROJECT_VERSION = 2;
				DEVELOPMENT_TEAM = HUA9YS5FE5;
				INFOPLIST_FILE = "BitriseDeploy/Supporting Files/Info.plist";
				IPHONEOS_DEPLOYMENT_TARGET = 13.0;
				LD_RUNPATH_SEARCH_PATHS = (
					"$(inherited)",
					"@executable_path/Frameworks",
				);
				MARKETING_VERSION = 1.1;
				PRODUCT_BUNDLE_IDENTIFIER = com.bitriseDeploy;
				PRODUCT_NAME = "Bitrise Deploy";
				SWIFT_VERSION = 5.0;
				TARGETED_DEVICE_FAMILY = "1,2";
			};
			name = Release;
		};
		8656B533244C38C900AA11E2 /* Debug */ = {
			isa = XCBuildConfiguration;
			buildSettings = {
				ALWAYS_EMBED_SWIFT_STANDARD_LIBRARIES = YES;
				BUNDLE_LOADER = "$(TEST_HOST)";
				CODE_SIGN_STYLE = Automatic;
				DEVELOPMENT_TEAM = "";
				INFOPLIST_FILE = BitriseDeployTests/Info.plist;
				IPHONEOS_DEPLOYMENT_TARGET = 13.4;
				LD_RUNPATH_SEARCH_PATHS = (
					"$(inherited)",
					"@executable_path/Frameworks",
					"@loader_path/Frameworks",
				);
				PRODUCT_BUNDLE_IDENTIFIER = com.BitriseDeployTests;
				PRODUCT_NAME = "$(TARGET_NAME)";
				SWIFT_VERSION = 5.0;
				TARGETED_DEVICE_FAMILY = "1,2";
				TEST_HOST = "$(BUILT_PRODUCTS_DIR)/Bitrise Deploy.app/Bitrise Deploy";
			};
			name = Debug;
		};
		8656B534244C38C900AA11E2 /* Release */ = {
			isa = XCBuildConfiguration;
			buildSettings = {
				ALWAYS_EMBED_SWIFT_STANDARD_LIBRARIES = YES;
				BUNDLE_LOADER = "$(TEST_HOST)";
				CODE_SIGN_STYLE = Automatic;
				DEVELOPMENT_TEAM = "";
				INFOPLIST_FILE = BitriseDeployTests/Info.plist;
				IPHONEOS_DEPLOYMENT_TARGET = 13.4;
				LD_RUNPATH_SEARCH_PATHS = (
					"$(inherited)",
					"@executable_path/Frameworks",
					"@loader_path/Frameworks",
				);
				PRODUCT_BUNDLE_IDENTIFIER = com.BitriseDeployTests;
				PRODUCT_NAME = "$(TARGET_NAME)";
				SWIFT_VERSION = 5.0;
				TARGETED_DEVICE_FAMILY = "1,2";
				TEST_HOST = "$(BUILT_PRODUCTS_DIR)/Bitrise Deploy.app/Bitrise Deploy";
			};
			name = Release;
		};
/* End XCBuildConfiguration section */

/* Begin XCConfigurationList section */
		8656B50B244C38C500AA11E2 /* Build configuration list for PBXProject "BitriseDeploy" */ = {
			isa = XCConfigurationList;
			buildConfigurations = (
				8656B52D244C38C900AA11E2 /* Debug */,
				8656B52E244C38C900AA11E2 /* Release */,
			);
			defaultConfigurationIsVisible = 0;
			defaultConfigurationName = Release;
		};
		8656B52F244C38C900AA11E2 /* Build configuration list for PBXNativeTarget "BitriseDeploy" */ = {
			isa = XCConfigurationList;
			buildConfigurations = (
				8656B530244C38C900AA11E2 /* Debug */,
				8656B531244C38C900AA11E2 /* Release */,
			);
			defaultConfigurationIsVisible = 0;
			defaultConfigurationName = Release;
		};
		8656B532244C38C900AA11E2 /* Build configuration list for PBXNativeTarget "BitriseDeployTests" */ = {
			isa = XCConfigurationList;
			buildConfigurations = (
				8656B533244C38C900AA11E2 /* Debug */,
				8656B534244C38C900AA11E2 /* Release */,
			);
			defaultConfigurationIsVisible = 0;
			defaultConfigurationName = Release;
		};
/* End XCConfigurationList section */
	};
	rootObject = 8656B508244C38C500AA11E2 /* Project object */;
}
